version = 1
revision = 3
requires-python = ">=3.12"

[[package]]
name = "kalshi-production-v3"
version = "0.1.0"
source = { editable = "." }
dependencies = [
    { name = "websockets" },
]

[package.dev-dependencies]
dev = [
    { name = "psycopg", extra = ["binary"] },
]

[package.metadata]
requires-dist = [{ name = "websockets", specifier = "==16.1.1" }]

[package.metadata.requires-dev]
dev = [{ name = "psycopg", extras = ["binary"], specifier = ">=3.2,<4" }]

[[package]]
name = "psycopg"
version = "3.3.4"
source = { registry = "https://pypi.org/simple" }
dependencies = [
    { name = "typing-extensions", marker = "python_full_version < '3.13'" },
    { name = "tzdata", marker = "sys_platform == 'win32'" },
]
sdist = { url = "https://files.pythonhosted.org/packages/db/2f/cb91e5502ec9de1de6f1b76cfbf69531932725361168bb06963620c77e2e/psycopg-3.3.4.tar.gz", hash = "sha256:e21207764952cff81b6b8bdacad9a3939f2793367fdac2987b3aac36a651b5bc", size = 165799, upload-time = "2026-05-01T23:31:55.179Z" }
wheels = [
    { url = "https://files.pythonhosted.org/packages/5c/e0/7b3dee031daae7743609ce3c746565d4a3ed7c2c186479eb48e34e838c64/psycopg-3.3.4-py3-none-any.whl", hash = "sha256:b6bbc25ccf05c8fad3b061d9db2ef0909a555171b84b07f29458a447253d679a", size = 213001, upload-time = "2026-05-01T23:20:50.816Z" },
]

[package.optional-dependencies]
binary = [
    { name = "psycopg-binary", marker = "implementation_name != 'pypy'" },
]

[[package]]
name = "psycopg-binary"
version = "3.3.4"
source = { registry = "https://pypi.org/simple" }
wheels = [
    { url = "https://files.pythonhosted.org/packages/95/7d/03818e13ba7f36de93573c93ee3482006d3dfa8b0f8d28df511bad0a1a92/psycopg_binary-3.3.4-cp312-cp312-macosx_10_13_x86_64.whl", hash = "sha256:5ab28a2a7649df3b72e6b674b4c190e448e8e77cf496a65bd846472048de2089", size = 4591122, upload-time = "2026-05-01T23:27:56.162Z" },
    { url = "https://files.pythonhosted.org/packages/a5/b9/11b341edf8d54e2694726b273fe9652b254d989f4f63e3ac6816ad6b55f4/psycopg_binary-3.3.4-cp312-cp312-macosx_11_0_arm64.whl", hash = "sha256:6402a9d8146cf4b3974ded3fd28a971e83dc6a0333eb7822524a3aa20b546578", size = 4669943, upload-time = "2026-05-01T23:28:04.522Z" },
    { url = "https://files.pythonhosted.org/packages/8b/18/4665bacd65e7865b4372fcd8abb8b9186ada4b0025f8c2ca691b364a556c/psycopg_binary-3.3.4-cp312-cp312-manylinux2014_ppc64le.manylinux_2_17_ppc64le.whl", hash = "sha256:580ae30a5f95ccd90008ec697d3ed6a4a2047a516407ad904283fa42086936e9", size = 5469697, upload-time = "2026-05-01T23:28:11.337Z" },
    { url = "https://files.pythonhosted.org/packages/7c/b1/b83136c6e510593d9b0c759ba5384337bc4ad82d19fda675adc4b2703c84/psycopg_binary-3.3.4-cp312-cp312-manylinux2014_x86_64.manylinux_2_17_x86_64.whl", hash = "sha256:e7510c37550f91a187e3660a8cc50d4b760f8c3b8b2f89ebc5698cd2c7f2c85d", size = 5152995, upload-time = "2026-05-01T23:28:20.529Z" },
    { url = "https://files.pythonhosted.org/packages/67/8d/a9821e2a648afe6091989929982a3b0f00b2631a859cb81379728f08fb75/psycopg_binary-3.3.4-cp312-cp312-manylinux_2_27_aarch64.manylinux_2_28_aarch64.whl", hash = "sha256:77df19583501ea288eaf15ac0fe7ad01e6d8091a91d5c41df5c718f307d8e31b", size = 6738180, upload-time = "2026-05-01T23:28:30.654Z" },
    { url = "https://files.pythonhosted.org/packages/7e/58/2e349e8d23905dc2317b80ac65f48fb6f821a4777a4e994a60da91c4850f/psycopg_binary-3.3.4-cp312-cp312-manylinux_2_38_riscv64.manylinux_2_39_riscv64.whl", hash = "sha256:018fbed325936da502feb546642c982dcc4b9ffdea32dfef78dbf3b7f7ad4070", size = 4978828, upload-time = "2026-05-01T23:28:37.277Z" },
    { url = "https://files.pythonhosted.org/packages/45/48/57b00d03b4721878326122a1f1e6b0a90b85bcaec56b5b2f8ea6cfa45235/psycopg_binary-3.3.4-cp312-cp312-musllinux_1_2_aarch64.whl", hash = "sha256:17a21953a9e5ff3a16dab692625a3676e2f101db5e40072f39dbee2250194d68", size = 4509757, upload-time = "2026-05-01T23:28:43.078Z" },
    { url = "https://files.pythonhosted.org/packages/25/37/33b47d8c007df69aec500df5889767c4d313748e8e9e27a2fef8a6dabcee/psycopg_binary-3.3.4-cp312-cp312-musllinux_1_2_ppc64le.whl", hash = "sha256:eb05ee1c2b817d27c537333224c9e83c7afb86fe7296ba970990068baf819b16", size = 4190546, upload-time = "2026-05-01T23:28:50.016Z" },
    { url = "https://files.pythonhosted.org/packages/ca/c6/32b0835dbc2122617902b649d76a91c1e75406e76bf3d595b0c3bb5ffad6/psycopg_binary-3.3.4-cp312-cp312-musllinux_1_2_riscv64.whl", hash = "sha256:773d573e11f437ce0bdb95b7c18dc58390494f96d43f8b45b9760436114f7652", size = 3926197, upload-time = "2026-05-01T23:28:55.55Z" },
    { url = "https://files.pythonhosted.org/packages/cd/68/d190ef0c0c5b16ded07831dabc8ddd412f4cdab07ec6e30ed38d9bda0e1f/psycopg_binary-3.3.4-cp312-cp312-musllinux_1_2_x86_64.whl", hash = "sha256:71e55ccbdfae79a2ed9c6369c3008a3025817ff9d7e27b32a2d84e2a4267e66e", size = 4236627, upload-time = "2026-05-01T23:29:05.336Z" },
    { url = "https://files.pythonhosted.org/packages/25/8f/81dcbc2e8454b74d14881275ea45f00791052dac531a9fa8be1730d1685b/psycopg_binary-3.3.4-cp312-cp312-win_amd64.whl", hash = "sha256:494ca54901be8cf9eb7e02c25b731f2317c378efa44f43e8f9bd0e1184ae7be4", size = 3560782, upload-time = "2026-05-01T23:29:11.967Z" },
    { url = "https://files.pythonhosted.org/packages/09/43/13e9c406fbbf354580476e248a16b64802a376873ebe6339e30bb655572d/psycopg_binary-3.3.4-cp313-cp313-macosx_10_13_x86_64.whl", hash = "sha256:fbd1d4ed566895ad2d3bf4ddfd8bae90026930ddf29df3b9d91d32c8c47866a7", size = 4590377, upload-time = "2026-05-01T23:29:18.782Z" },
    { url = "https://files.pythonhosted.org/packages/22/be/2923cd7c3683e7afdecf4f10796a18de02f5c5ddc0969aa2ad0a8cdd3bbd/psycopg_binary-3.3.4-cp313-cp313-macosx_11_0_arm64.whl", hash = "sha256:75a9067e236f9b9ae3535b66fe99bddb33d39c0de10112e49b9ab11eee53dc31", size = 4669023, upload-time = "2026-05-01T23:29:25.884Z" },
    { url = "https://files.pythonhosted.org/packages/96/a0/2c913d6fe13d6a8bd13597d36739bf47af063ad9399e402cfecab16f3c1e/psycopg_binary-3.3.4-cp313-cp313-manylinux2014_ppc64le.manylinux_2_17_ppc64le.whl", hash = "sha256:b56b603ebcea8aa10b46228b8410ba7f13e7c2ee54389d4d9be0927fd8ce2a70", size = 5467423, upload-time = "2026-05-01T23:29:33.416Z" },
    { url = "https://files.pythonhosted.org/packages/e7/38/205d10bc1ad0df4a21c5c51659126bd3ea0ef98fcad1e852f78c249bb9c3/psycopg_binary-3.3.4-cp313-cp313-manylinux2014_x86_64.manylinux_2_17_x86_64.whl", hash = "sha256:c677c4ad433cb7150c8cd304a0769ae3bcfbe5ea0676eb53faa7b1443b16d0d3", size = 5151137, upload-time = "2026-05-01T23:29:42.013Z" },
    { url = "https://files.pythonhosted.org/packages/36/fc/f0381ddcd45eff3bb70dbca6823a996048d7f507b2ec3fc92c6fabc0fe87/psycopg_binary-3.3.4-cp313-cp313-manylinux_2_27_aarch64.manylinux_2_28_aarch64.whl", hash = "sha256:26df2717e59c0473e4465a97dfb1b7afebaa479277870fd5784d1436470db47c", size = 6736671, upload-time = "2026-05-01T23:29:51.626Z" },
    { url = "https://files.pythonhosted.org/packages/95/40/fa545ae152c24327651e5624e4902121e808270be36c10b12e9939be09bc/psycopg_binary-3.3.4-cp313-cp313-manylinux_2_38_riscv64.manylinux_2_39_riscv64.whl", hash = "sha256:1dc1f79fd16bb1f3f4421417a514607539f17804d95c7ed617265369d1981cae", size = 4979601, upload-time = "2026-05-01T23:29:56.961Z" },
    { url = "https://files.pythonhosted.org/packages/86/e4/2f8a47ee97f90cd2b933d0463081d35631ff419de2b8c984a5f369857de0/psycopg_binary-3.3.4-cp313-cp313-musllinux_1_2_aarch64.whl", hash = "sha256:136f199a407b5348b9b857c504aff60c77622a28482e7195839ce1b51238c4cc", size = 4510513, upload-time = "2026-05-01T23:30:07.243Z" },
    { url = "https://files.pythonhosted.org/packages/0e/0e/94e842ff4a7f98ed162580ca2e8b8864b28c1e0350f2443f8ee47f821167/psycopg_binary-3.3.4-cp313-cp313-musllinux_1_2_ppc64le.whl", hash = "sha256:b6f5a29e9c775b9f12a1a717aa7a2c80f9e1db6f27ba44a5b59c80ac61d2ffcf", size = 4187243, upload-time = "2026-05-01T23:30:15.352Z" },
    { url = "https://files.pythonhosted.org/packages/d0/83/fc6c174b672e29b7de996ea77b6cbddf46c891751c3355f6974292baa6b4/psycopg_binary-3.3.4-cp313-cp313-musllinux_1_2_riscv64.whl", hash = "sha256:ee17a2cf4943cde261adfad1bbc5bf38d6b3776d7afff74c7cabcbeaeb08c260", size = 3927347, upload-time = "2026-05-01T23:30:21.186Z" },
    { url = "https://files.pythonhosted.org/packages/e9/65/768364d4a97a15b1a7f47ba52688c1686f22941d8332a8398cefc468e25f/psycopg_binary-3.3.4-cp313-cp313-musllinux_1_2_x86_64.whl", hash = "sha256:5c4ab71be17bdca30cb34c34c4e1496e2f5d6f20c199c12bad226070b22ef9bf", size = 4236393, upload-time = "2026-05-01T23:30:26.211Z" },
    { url = "https://files.pythonhosted.org/packages/bd/3b/218efbc9e645becd80cdf651acda05f85cfe546b7a9c0458c7cbc8fe1f74/psycopg_binary-3.3.4-cp313-cp313-win_amd64.whl", hash = "sha256:dbfdb9b6cc79f31104a7b162a2b921b765fcc62af6c00540a167a8de47e4ed38", size = 3564592, upload-time = "2026-05-01T23:30:31.764Z" },
    { url = "https://files.pythonhosted.org/packages/48/a6/828c9185701dab71b234c2a76c38a08b098ebfec5020716b4e93807492b5/psycopg_binary-3.3.4-cp314-cp314-macosx_10_15_x86_64.whl", hash = "sha256:28b7398fdd19db3232c884fb24550bdfe951221f510e195e233299e4c9b78f97", size = 4607292, upload-time = "2026-05-01T23:30:38.962Z" },
    { url = "https://files.pythonhosted.org/packages/92/58/5b40dbc9d839045c9dae956960e4fb6d20bcabe6c59a2aa34fc3a371913f/psycopg_binary-3.3.4-cp314-cp314-macosx_11_0_arm64.whl", hash = "sha256:1fbaa292a3c8bb61b45df1ad3da1908ccee7cb889db9425e3557d9e34e2a4829", size = 4687023, upload-time = "2026-05-01T23:30:47.227Z" },
    { url = "https://files.pythonhosted.org/packages/85/a9/793f0ac107a9003b48441d0d1f9f616d96e0f37458dd8dc12528ceff55fb/psycopg_binary-3.3.4-cp314-cp314-manylinux2014_ppc64le.manylinux_2_17_ppc64le.whl", hash = "sha256:94596f9e7633ee3f6440711d43bb70aa31cc0a46a900ab8b4201a366ace5c9e7", size = 5486985, upload-time = "2026-05-01T23:30:55.517Z" },
    { url = "https://files.pythonhosted.org/packages/8f/26/42e8533497e2592334f68ec529cf5f840f7fa4e99575a4bb61aa184dbfbf/psycopg_binary-3.3.4-cp314-cp314-manylinux2014_x86_64.manylinux_2_17_x86_64.whl", hash = "sha256:8c0056529e68dbe9184cd4019a1f3d8f3a4ead2f6fc7a5afcf27d3314edd1277", size = 5168745, upload-time = "2026-05-01T23:31:01.904Z" },
    { url = "https://files.pythonhosted.org/packages/15/af/b7151776cc08d5935d45c833ec818a9beb417cf7c08239af1aafbdae78ee/psycopg_binary-3.3.4-cp314-cp314-manylinux_2_27_aarch64.manylinux_2_28_aarch64.whl", hash = "sha256:2c09aad7051326e7603c14e50636db9c01f78272dc54b3accff03d46370461e6", size = 6761486, upload-time = "2026-05-01T23:31:14.511Z" },
    { url = "https://files.pythonhosted.org/packages/d0/ed/c92533b9124712d592cbf1cd6c76da933a2e0acea81dfe1fbe7e735f0cff/psycopg_binary-3.3.4-cp314-cp314-manylinux_2_38_riscv64.manylinux_2_39_riscv64.whl", hash = "sha256:514404ed543efd620c85602b747df2a23cf1241b4067199e1a66f2d2757aaa41", size = 4997427, upload-time = "2026-05-01T23:31:20.901Z" },
    { url = "https://files.pythonhosted.org/packages/a2/23/ccadfd0de416aa188356daa199453af24087b042e296088706d190ae0295/psycopg_binary-3.3.4-cp314-cp314-musllinux_1_2_aarch64.whl", hash = "sha256:46893c26858be12cc49ca4226ed6a60b4bfccadd946b3bebb783a60b38788228", size = 4533549, upload-time = "2026-05-01T23:31:26.204Z" },
    { url = "https://files.pythonhosted.org/packages/fd/a0/c8f43cee36386f7bc891ab41a9d31ea07cf9826038e732da79f26b1e5f34/psycopg_binary-3.3.4-cp314-cp314-musllinux_1_2_ppc64le.whl", hash = "sha256:df1d567fc430f6df15c9fcf67d87685fc49bdb325adc0db5af1adfb2f44eb5c9", size = 4210256, upload-time = "2026-05-01T23:31:33.884Z" },
    { url = "https://files.pythonhosted.org/packages/4e/2c/c1547871be3790676e8868b38655496422f94f0978dfb66b74bdba2f1676/psycopg_binary-3.3.4-cp314-cp314-musllinux_1_2_riscv64.whl", hash = "sha256:6b9016b1714da4dd5ecaaa75b82098aa5a0b87854ce9b092e21c27c4ae23e014", size = 3946204, upload-time = "2026-05-01T23:31:39.626Z" },
    { url = "https://files.pythonhosted.org/packages/c4/b1/f6670f00fa7ea601584623f6c11602ab92117d83eaff885e0210f6de7418/psycopg_binary-3.3.4-cp314-cp314-musllinux_1_2_x86_64.whl", hash = "sha256:47c656a8a7ba6eb0cff1801a4caaa9c8bdc12d03080e273aff1c8ac39971a77e", size = 4255811, upload-time = "2026-05-01T23:31:44.986Z" },
    { url = "https://files.pythonhosted.org/packages/eb/e6/5fff07a70d1f945ed90ae131c3bd76cab32beff7c58c6db15ad5820b6d1f/psycopg_binary-3.3.4-cp314-cp314-win_amd64.whl", hash = "sha256:c37e024c07308cd06cf3ec51bfd0e7f6157585a4d84d1bce4a7f5f7913719bf8", size = 3666849, upload-time = "2026-05-01T23:31:51.165Z" },
]

[[package]]
name = "typing-extensions"
version = "4.16.0"
source = { registry = "https://pypi.org/simple" }
sdist = { url = "https://files.pythonhosted.org/packages/f6/cc/6253133b5bb138fc3306cebfbda2c520f545d36b5be2c7255cc528bb45d6/typing_extensions-4.16.0.tar.gz", hash = "sha256:dc983d19a509c94dba722ee6abd33940f7c05a89e243c47e907eb4db6f1a43e5", size = 113555, upload-time = "2026-07-02T08:40:05.92Z" }
wheels = [
    { url = "https://files.pythonhosted.org/packages/49/d3/b8441a820a491ddfc024b0b0cf0393375b75ea13866d9c66727e54c2fc80/typing_extensions-4.16.0-py3-none-any.whl", hash = "sha256:481caa481374e813c1b176ada14e97f1f67a4539ce9cfeb3f350d78d6370c2e8", size = 45571, upload-time = "2026-07-02T08:40:04.659Z" },
]

[[package]]
name = "tzdata"
version = "2026.3"
source = { registry = "https://pypi.org/simple" }
sdist = { url = "https://files.pythonhosted.org/packages/92/ff/5a28bdfd8c3ebec42564ac7d0e54ca3db65044a9314a97f9564fa7a1e926/tzdata-2026.3.tar.gz", hash = "sha256:4a1518b8993086a7982523e071643f3c0e5f213e75b21318e78bcabfff9d1415", size = 198674, upload-time = "2026-07-10T08:50:37.887Z" }
wheels = [
    { url = "https://files.pythonhosted.org/packages/e5/6d/b53b99a9f2766d095985947a5782f1702cabb129a34f7a802d7197af832f/tzdata-2026.3-py2.py3-none-any.whl", hash = "sha256:dc096730c87af6cab1b171c9d532be840741ff5d459015e7f6947bd7d7e54931", size = 348168, upload-time = "2026-07-10T08:50:36.46Z" },
]

[[package]]
name = "websockets"
version = "16.1.1"
source = { registry = "https://pypi.org/simple" }
sdist = { url = "https://files.pythonhosted.org/packages/21/f7/bc3a25c5ec26ce62ce487690becc2f3710bbc7b33338f005ad390db0b986/websockets-16.1.1.tar.gz", hash = "sha256:db234eda965dcce15df96bb9709f587cd87d4d52aaf0e80e2f34ec04c7670c57", size = 182204, upload-time = "2026-07-17T22:51:05.858Z" }
wheels = [
    { url = "https://files.pythonhosted.org/packages/17/9d/681cda21c9eee743203a6cb79b9d3d05adad9aa60ec660c6c9bf4dd619ca/websockets-16.1.1-cp312-cp312-macosx_10_13_universal2.whl", hash = "sha256:cc97814dfb786a83b6e2dc2e79351e1b83e6d715647d6887fcabd83026417a00", size = 179600, upload-time = "2026-07-17T22:49:13.92Z" },
    { url = "https://files.pythonhosted.org/packages/fb/8d/6195a88b45e8d2a8f745fc2046e36f885a3c9763e6767d2c46229bf9510c/websockets-16.1.1-cp312-cp312-macosx_10_13_x86_64.whl", hash = "sha256:e047dc87ef7ca50f4d309bf775ad4a71711c58556d75d7bd0604b2317f43e94b", size = 177272, upload-time = "2026-07-17T22:49:15.453Z" },
    { url = "https://files.pythonhosted.org/packages/73/e3/fe2d498c64dea0095c9a9f9a351af4cd6eef31b618395582bc1f38ba45ff/websockets-16.1.1-cp312-cp312-macosx_11_0_arm64.whl", hash = "sha256:01fbdcbac298efe19360b94bc0039c8f746f0220ba570f327577bfee81059175", size = 177542, upload-time = "2026-07-17T22:49:16.875Z" },
    { url = "https://files.pythonhosted.org/packages/fe/ed/f1831681fce0e3242346e5458486003c5f124ed69e5e0b847fd029db4973/websockets-16.1.1-cp312-cp312-manylinux1_x86_64.manylinux_2_28_x86_64.manylinux_2_5_x86_64.whl", hash = "sha256:0f62863e8a00a6d33c3d6566ec0b89f23787b747ffe0c3bc71ec0e76b82c94b1", size = 187137, upload-time = "2026-07-17T22:49:18.323Z" },
    { url = "https://files.pythonhosted.org/packages/6f/79/4ff9dcc1bb46f6b4c536936dde1fd60f9b564f3304307274db97f4c9496d/websockets-16.1.1-cp312-cp312-manylinux2014_aarch64.manylinux_2_17_aarch64.manylinux_2_28_aarch64.whl", hash = "sha256:8087e82f842609734c9b5a1330464f8e94e346ba0e18c832c08bafa4b0d63c15", size = 188374, upload-time = "2026-07-17T22:49:19.65Z" },
    { url = "https://files.pythonhosted.org/packages/62/c3/5c49b6efb36cab733d23773f6de575e1dba65736ead17d5d2b2a1daef779/websockets-16.1.1-cp312-cp312-manylinux2014_armv7l.manylinux_2_17_armv7l.manylinux_2_31_armv7l.whl", hash = "sha256:2bb5d041a8307d2e18782e7ce777f6fdb1e8c2f5d09291484b18c294b789d9aa", size = 191155, upload-time = "2026-07-17T22:49:21.331Z" },
    { url = "https://files.pythonhosted.org/packages/6e/f6/56ccceda3a4838d18f1d40821480da4775397e8b1eecf4031e20c50e2e90/websockets-16.1.1-cp312-cp312-manylinux2014_ppc64le.manylinux_2_17_ppc64le.manylinux_2_28_ppc64le.whl", hash = "sha256:1db4de4a0e95673f7545d393c49eeb0c2f18ac1ef93073218c79d5cdb2ee75ab", size = 189011, upload-time = "2026-07-17T22:49:22.889Z" },
    { url = "https://files.pythonhosted.org/packages/86/d6/ad5286241a2bce1107e2798d3bfbd62cf79aee167bdb654f8cb1e9dbf949/websockets-16.1.1-cp312-cp312-manylinux2014_s390x.manylinux_2_17_s390x.manylinux_2_28_s390x.whl", hash = "sha256:f17dbe07eb3ea7f99e4df9b7e0efefe80fbf30d37a8cc4d561a0aed310bc8847", size = 187766, upload-time = "2026-07-17T22:49:24.339Z" },
    { url = "https://files.pythonhosted.org/packages/bc/67/d65c970b7e347fdca69479beb7811c2060529956730a7a4e3ae7c66b0e31/websockets-16.1.1-cp312-cp312-manylinux_2_31_riscv64.manylinux_2_39_riscv64.whl", hash = "sha256:4b57693728576d84ede0a77987ab16881b783d2cd9f1dc180a8fbbc3f79c4428", size = 185173, upload-time = "2026-07-17T22:49:25.743Z" },
    { url = "https://files.pythonhosted.org/packages/1d/5b/14af3cd4ee69d8ea9baca58f3dc3cfb1ba78332a347fd478cb096549d60e/websockets-16.1.1-cp312-cp312-musllinux_1_2_aarch64.whl", hash = "sha256:2a636ff1e7a5c4edf71ef0e79adae7f25dba93b4fcbe3dc958733477ffeb0eaf", size = 187809, upload-time = "2026-07-17T22:49:27.147Z" },
    { url = "https://files.pythonhosted.org/packages/7b/11/be301710d70de97e3e7b3586e6d492c9c06d6a61bf1c2202c36cf0c75607/websockets-16.1.1-cp312-cp312-musllinux_1_2_armv7l.whl", hash = "sha256:d6bec75c290fe484a8ba4cacdf838501e17c06ecfbbf31eede81a9e431bd7751", size = 186412, upload-time = "2026-07-17T22:49:28.611Z" },
    { url = "https://files.pythonhosted.org/packages/db/07/fe1435bf6fe738a3d3b54dbe0c18dabf12cba4d909ac8b58b539ce27c1f4/websockets-16.1.1-cp312-cp312-musllinux_1_2_ppc64le.whl", hash = "sha256:54509b8e92fee4453e152b7558ddef37ce9705a044922f2095a6105e3f80c96f", size = 188290, upload-time = "2026-07-17T22:49:29.965Z" },
    { url = "https://files.pythonhosted.org/packages/8a/0a/81f394aff8efcbb01208c1ced77df0a3c7fcce584a88c7273663697946c2/websockets-16.1.1-cp312-cp312-musllinux_1_2_riscv64.whl", hash = "sha256:f0aa4aad3b1b69ad3fd85a0fd0952ec64331c762bd77ec51cc814170873890b2", size = 185844, upload-time = "2026-07-17T22:49:31.447Z" },
    { url = "https://files.pythonhosted.org/packages/39/5c/dd485b995473f415510251fe9bd708f2d24458f439fce958daf8d66dc7c6/websockets-16.1.1-cp312-cp312-musllinux_1_2_s390x.whl", hash = "sha256:42290eb6db4ccaca7012656738214f8514082fb6fa40cdeb61bb9a471b52e383", size = 186823, upload-time = "2026-07-17T22:49:33.104Z" },
    { url = "https://files.pythonhosted.org/packages/9d/0b/f78de76ff446f1e66af12b43c48a35f31744de93cfdec2f4ea67d5d7bbf1/websockets-16.1.1-cp312-cp312-musllinux_1_2_x86_64.whl", hash = "sha256:53260c8930da5771cec89439bff99c20c8cb03ddb9588b980697355a83cd4bd3", size = 187102, upload-time = "2026-07-17T22:49:34.616Z" },
    { url = "https://files.pythonhosted.org/packages/37/a1/4cf892007778eaf84ad162bfc98046e0ed89b63ac55949e3236626b2a23f/websockets-16.1.1-cp312-cp312-win32.whl", hash = "sha256:1d27fa8462ad6a1cb36206a3d0640b2333340def181fae11ed7f9adeaa5c0747", size = 179943, upload-time = "2026-07-17T22:49:36.213Z" },
    { url = "https://files.pythonhosted.org/packages/d9/de/6abe251d28c3a3f217096575400b27750b18e0b1d2fff3a2a239960fea07/websockets-16.1.1-cp312-cp312-win_amd64.whl", hash = "sha256:b436f6ec4fc3a6b4237c84d3f83170ed2b40bb584222f0ac47a0c8a5921980c7", size = 180243, upload-time = "2026-07-17T22:49:37.626Z" },
    { url = "https://files.pythonhosted.org/packages/ce/fd/6ec6c6d2850aea25b1b2aa9901a016980bb87d01e89b3eb00470b1b5d471/websockets-16.1.1-cp313-cp313-macosx_10_13_universal2.whl", hash = "sha256:ab59169ace05dcb49a1d4118f0bde139557adf45091bd85747e36bf5de984dd1", size = 179587, upload-time = "2026-07-17T22:49:38.959Z" },
    { url = "https://files.pythonhosted.org/packages/5f/d8/1d299d2dd34087db39831a34cc645ef8a6f89d78efada6983093513cd81c/websockets-16.1.1-cp313-cp313-macosx_10_13_x86_64.whl", hash = "sha256:5e3b7d601f6f84156b08cc4a5e541c2b50ad7b36cfc302b657a12477c904a5df", size = 177272, upload-time = "2026-07-17T22:49:40.293Z" },
    { url = "https://files.pythonhosted.org/packages/3d/86/0a70d3ae2f0f2256bb41302d9804dbca65d4360281e7feb3e1f94102ac46/websockets-16.1.1-cp313-cp313-macosx_11_0_arm64.whl", hash = "sha256:cd2ca96a082a36964aca83e992f72abeb61b7306c1a6cba4c7d06a7b93750cac", size = 177530, upload-time = "2026-07-17T22:49:41.786Z" },
    { url = "https://files.pythonhosted.org/packages/b5/c2/c676c69444d9db448b3f0a55a98dcc534affce0bce961d9d2f0b8499b10a/websockets-16.1.1-cp313-cp313-manylinux1_x86_64.manylinux_2_28_x86_64.manylinux_2_5_x86_64.whl", hash = "sha256:f5d497865f05bb222cab7016c6034542e84e5f29f49c6fd3f4939cda7197b5b8", size = 187197, upload-time = "2026-07-17T22:49:43.658Z" },
    { url = "https://files.pythonhosted.org/packages/0b/13/88137fbaf726ebe29d62c1117fa11fa2bbb6209dc79d4ad738efbe36a2aa/websockets-16.1.1-cp313-cp313-manylinux2014_aarch64.manylinux_2_17_aarch64.manylinux_2_28_aarch64.whl", hash = "sha256:bae954c382e013d5ea5b190d2830526bfa45ad121c326da0049b8c769f185db6", size = 188433, upload-time = "2026-07-17T22:49:45.147Z" },
    { url = "https://files.pythonhosted.org/packages/01/6d/46c2f2ce6751cb26f39293e1ecbf8544cb01321397cd476c2756b98c216d/websockets-16.1.1-cp313-cp313-manylinux2014_armv7l.manylinux_2_17_armv7l.manylinux_2_31_armv7l.whl", hash = "sha256:e09f753a169951eb4f28c2c774f71069304f66e7277e0f5a2892423599cfa854", size = 189868, upload-time = "2026-07-17T22:49:46.581Z" },
    { url = "https://files.pythonhosted.org/packages/29/2b/170a9e8097636cfde4dc3c592b6e00b18a44a2f5407606d96ca542dd5838/websockets-16.1.1-cp313-cp313-manylinux2014_ppc64le.manylinux_2_17_ppc64le.manylinux_2_28_ppc64le.whl", hash = "sha256:024193f8551a2b0eafbdd160911012c4e6c228c28430c84433253299a9e42d6a", size = 189059, upload-time = "2026-07-17T22:49:47.972Z" },
    { url = "https://files.pythonhosted.org/packages/a7/48/f0d4ebc9ab4b473b8861b9e20fdb663d515d42f7befdf62cdb60fee7a1ec/websockets-16.1.1-cp313-cp313-manylinux2014_s390x.manylinux_2_17_s390x.manylinux_2_28_s390x.whl", hash = "sha256:aabe464bfd13bd25f4821faf111da6fefdc389f870265a53105580e45b0a2e49", size = 187814, upload-time = "2026-07-17T22:49:49.344Z" },
    { url = "https://files.pythonhosted.org/packages/d5/ba/39a41d3ae8e72696a9492581900611c5a91e2b07563b0bcd2523adea9854/websockets-16.1.1-cp313-cp313-manylinux_2_31_riscv64.manylinux_2_39_riscv64.whl", hash = "sha256:a28fcbc9b6baf54a2e23f8655f308e4ccc6afdd7266f8fe7954f320dcda0f785", size = 185229, upload-time = "2026-07-17T22:49:50.787Z" },
    { url = "https://files.pythonhosted.org/packages/3c/36/ac15b604f850d1907f0a85ed721cefe47cd45034b3620069b829746cccbe/websockets-16.1.1-cp313-cp313-musllinux_1_2_aarch64.whl", hash = "sha256:79eace538c6a97e96d0d03d4f9d314f9677f5ed85a8a984992ffd90b13cb8a56", size = 187874, upload-time = "2026-07-17T22:49:52.228Z" },
    { url = "https://files.pythonhosted.org/packages/a8/f3/3fbd5d71d59299c3770faa5884d4f45070236ca5a35ab3a61830812c409a/websockets-16.1.1-cp313-cp313-musllinux_1_2_armv7l.whl", hash = "sha256:496af849a472b531f758dbd4d61338f5000538cb1a7b3d20d9d32a264517f509", size = 186469, upload-time = "2026-07-17T22:49:53.776Z" },
    { url = "https://files.pythonhosted.org/packages/b4/fc/dd90349bba58af2a53ef2ddd9c32716c81eb6d59a0687939fff561860878/websockets-16.1.1-cp313-cp313-musllinux_1_2_ppc64le.whl", hash = "sha256:5283810d2646741a0d8da2aa733d6aefa0545809afccb2a5d105a26bc45125f1", size = 188347, upload-time = "2026-07-17T22:49:55.202Z" },
    { url = "https://files.pythonhosted.org/packages/4c/f3/f73ba86427682da59b78c11d77ba56d5b801c32e84afe79b274bbd6a9bb2/websockets-16.1.1-cp313-cp313-musllinux_1_2_riscv64.whl", hash = "sha256:4e3b680b1e0a27457e727a0d572fd81dffa87b6dbf8b228ab57da64f7d85aead", size = 185903, upload-time = "2026-07-17T22:49:56.75Z" },
    { url = "https://files.pythonhosted.org/packages/34/7c/f95eb20e80104173b3a0a092291f89ea4047ef6e608e0a57ca06eb14eecb/websockets-16.1.1-cp313-cp313-musllinux_1_2_s390x.whl", hash = "sha256:69159730a823dde3ea8d08783e8d47ef135a6d7e8d44eb127e32b321c9db8e3e", size = 186855, upload-time = "2026-07-17T22:49:58.467Z" },
    { url = "https://files.pythonhosted.org/packages/b0/35/dd875b3e050ff232d60fa377707f890e369f74d134f1be32e8f68879747c/websockets-16.1.1-cp313-cp313-musllinux_1_2_x86_64.whl", hash = "sha256:ed5bb271084b46530ee2ddc0410537a9961152c5ccba2fc98c5276d992ccba87", size = 187140, upload-time = "2026-07-17T22:50:00.016Z" },
    { url = "https://files.pythonhosted.org/packages/e8/dc/5cbfcb41824502f6af93b8f3943a4d06c67c23c7d2e31eb18748c4a5b2a7/websockets-16.1.1-cp313-cp313-win32.whl", hash = "sha256:cfb70b4eb56cac4da0a83588f3ad50d46beb0690391082f3d4e2d488c70b68ea", size = 179928, upload-time = "2026-07-17T22:50:01.685Z" },
    { url = "https://files.pythonhosted.org/packages/b0/c1/71e5deb5b7f8f226997ab64908c184ac3105c0155ce2d486f318e5dd08a8/websockets-16.1.1-cp313-cp313-win_amd64.whl", hash = "sha256:d9531d9cbeac99af6f038fb1bc351403531f7d634a2c2e10e2f7c854c6ed5b68", size = 180242, upload-time = "2026-07-17T22:50:03.117Z" },
    { url = "https://files.pythonhosted.org/packages/73/a2/ba78a164eeea4620df4a4df4bd2ed6017438c4655cc0f36f2c0bc0432355/websockets-16.1.1-cp314-cp314-macosx_10_15_universal2.whl", hash = "sha256:443aefe96b7fdb132e2a70806cca1f2af49bb3f28e47abcd7c2e9dcf4d8fa1b8", size = 179635, upload-time = "2026-07-17T22:50:05.001Z" },
    { url = "https://files.pythonhosted.org/packages/b9/08/d26d7a7628cd4ac34cbbdb63ac80914ca842ed8e42938c40a53567806df3/websockets-16.1.1-cp314-cp314-macosx_10_15_x86_64.whl", hash = "sha256:6456ff333092d509127d75a638cb411afae8ff17f092635015d1902efec8a293", size = 177320, upload-time = "2026-07-17T22:50:06.427Z" },
    { url = "https://files.pythonhosted.org/packages/0f/45/ebec83e6269536aa5932533c67b0af5c781f3e73fdbcd68672dcf43f4f44/websockets-16.1.1-cp314-cp314-macosx_11_0_arm64.whl", hash = "sha256:fce6c48559c86d1ac3632ccb1bebc7d5442fbe79bd9bb0e40379ee54be2a4051", size = 177544, upload-time = "2026-07-17T22:50:07.834Z" },
    { url = "https://files.pythonhosted.org/packages/c9/d5/abc614d2297f6c1c3e01e61260364457a47c25cc1cf6a879038902bc6aa8/websockets-16.1.1-cp314-cp314-manylinux1_x86_64.manylinux_2_28_x86_64.manylinux_2_5_x86_64.whl", hash = "sha256:92b820d345f7a3fc7b8163949ee92df910f290c3fc517b3d5301c78065adafe1", size = 187270, upload-time = "2026-07-17T22:50:09.275Z" },
    { url = "https://files.pythonhosted.org/packages/52/71/4c99af3b87dff1b2927981f6876607d4acb45338c665242168d3982f7758/websockets-16.1.1-cp314-cp314-manylinux2014_aarch64.manylinux_2_17_aarch64.manylinux_2_28_aarch64.whl", hash = "sha256:2a606d9c24035242a3e256e9d5b77ed9cd6bccfcb7cf993e5ca3c0f6f68fb6a7", size = 188509, upload-time = "2026-07-17T22:50:10.722Z" },
    { url = "https://files.pythonhosted.org/packages/9b/b4/5c8ca14b0df7eb84ed0524165c5359150210140817a3312aee57bf62a1cf/websockets-16.1.1-cp314-cp314-manylinux2014_armv7l.manylinux_2_17_armv7l.manylinux_2_31_armv7l.whl", hash = "sha256:414e596c75f74e0994084694189d7dc9229fb278e33064d6784b73ffbba3ca31", size = 189882, upload-time = "2026-07-17T22:50:12.293Z" },
    { url = "https://files.pythonhosted.org/packages/25/c1/bedfba9e70557129cb8083748d167bdcc01483dedf0f0df143676df05cbe/websockets-16.1.1-cp314-cp314-manylinux2014_ppc64le.manylinux_2_17_ppc64le.manylinux_2_28_ppc64le.whl", hash = "sha256:536676848fc5961aca9d20389951f59169508f765637a172403dc5434d722fa0", size = 189114, upload-time = "2026-07-17T22:50:13.789Z" },
    { url = "https://files.pythonhosted.org/packages/df/09/aa835b2787835aebd839114be5de51b797cb480b63ba42b26d34dfe147cb/websockets-16.1.1-cp314-cp314-manylinux2014_s390x.manylinux_2_17_s390x.manylinux_2_28_s390x.whl", hash = "sha256:97fd3a0e8b53efa41970ac1dff3d8cf0d2884cadeb4caaf95db7ad1526926ee3", size = 187861, upload-time = "2026-07-17T22:50:15.179Z" },
    { url = "https://files.pythonhosted.org/packages/20/26/f6408330694dbc9830857d9d23bc14ac4f6875127a480cfdda8d5ca21198/websockets-16.1.1-cp314-cp314-manylinux_2_31_riscv64.manylinux_2_39_riscv64.whl", hash = "sha256:7b1b19636af86a3c7995d4d028dbe376f39b4bf31541146f9c123582a6c94562", size = 185286, upload-time = "2026-07-17T22:50:16.741Z" },
    { url = "https://files.pythonhosted.org/packages/17/9a/e0675e70dd8a80762cf35bb18799d3f290a4890ffe6439bc51d222796083/websockets-16.1.1-cp314-cp314-musllinux_1_2_aarch64.whl", hash = "sha256:41c8e77f17294c0ac18008a7309b99b34ee72247ef10b6dff4c3f8b5ac29896b", size = 187935, upload-time = "2026-07-17T22:50:18.213Z" },
    { url = "https://files.pythonhosted.org/packages/33/c1/3234cfb86afde01b81e9bddcc6e534c440975d60a13991259e833069ab3e/websockets-16.1.1-cp314-cp314-musllinux_1_2_armv7l.whl", hash = "sha256:9f63bcef7f4b02b06b35fc01c93b96c43b5e88e1e8868676caacf493d5a31f3a", size = 186444, upload-time = "2026-07-17T22:50:19.67Z" },
    { url = "https://files.pythonhosted.org/packages/89/87/9c15206e1d778923d8daa9657de07aa62ea815e13448319c98458c37b281/websockets-16.1.1-cp314-cp314-musllinux_1_2_ppc64le.whl", hash = "sha256:dab9eb87869da2d6ed3af3f3adf28414baae6ec9d4df355ffc18889132f3436c", size = 188409, upload-time = "2026-07-17T22:50:21.28Z" },
    { url = "https://files.pythonhosted.org/packages/f2/00/cf5de5c67676de2d3eef8b2a518f168f6796595447a5b7161ba0d012915c/websockets-16.1.1-cp314-cp314-musllinux_1_2_riscv64.whl", hash = "sha256:43e3a9fdd7cbf7ba6040c31fae0faf84ca1474fef777c4e37912f1540f854499", size = 185958, upload-time = "2026-07-17T22:50:22.719Z" },
    { url = "https://files.pythonhosted.org/packages/62/c0/731b6ddede2e4136912ec4cff2cffbda35af73546be4762c3d7bd3bd79af/websockets-16.1.1-cp314-cp314-musllinux_1_2_s390x.whl", hash = "sha256:056ae37939ed7e9974f364f5864e76e49182622d8f9751ac1903c0d09b013985", size = 186911, upload-time = "2026-07-17T22:50:24.108Z" },
    { url = "https://files.pythonhosted.org/packages/8c/7f/39c634472c4469a24a7c09cecddffb08fac6d0e74f73881a94ee8a40a196/websockets-16.1.1-cp314-cp314-musllinux_1_2_x86_64.whl", hash = "sha256:a0eadbbf2c30f01efa58e1f110eb6fa293261f6b0b1aa38f7f48707107690af9", size = 187204, upload-time = "2026-07-17T22:50:25.548Z" },
    { url = "https://files.pythonhosted.org/packages/26/89/9667c256c256dafcc62d21328ce7a40067da857969b68ee9af375b0aaf72/websockets-16.1.1-cp314-cp314-win32.whl", hash = "sha256:195c978b065fa40910582464f99d6b15c8b314c68e0546549a55ed83f4735328", size = 179603, upload-time = "2026-07-17T22:50:27.086Z" },
    { url = "https://files.pythonhosted.org/packages/bd/dd/1c099d6c0fc5deb6b46ccdbb6981fdb4b12c917869cb3952408409dc18db/websockets-16.1.1-cp314-cp314-win_amd64.whl", hash = "sha256:4e8d01cc3bcae7bbf8167f944aeafefed590fae5693552bba9794a9df68371cc", size = 179948, upload-time = "2026-07-17T22:50:28.521Z" },
    { url = "https://files.pythonhosted.org/packages/35/25/9956b2d5e0529d5d23924f21bba1440d4c5c88a562e4f08550871ffa97a7/websockets-16.1.1-cp314-cp314t-macosx_10_15_universal2.whl", hash = "sha256:0ffd3031ea8bda8d61762e84220186105ba3b748b3c8da2ae4f7816fac03e573", size = 179963, upload-time = "2026-07-17T22:50:29.982Z" },
    { url = "https://files.pythonhosted.org/packages/17/06/55ffc976c488b6aee9ea05761ff7c4e88e7c1fd82818c8ca7b556ad2f90c/websockets-16.1.1-cp314-cp314t-macosx_10_15_x86_64.whl", hash = "sha256:84a2cef8deffbd9ab8ee0ea546a2a6a7030c28f44e6cdd4547dbfeb489eb8999", size = 177497, upload-time = "2026-07-17T22:50:31.396Z" },
    { url = "https://files.pythonhosted.org/packages/0c/e8/f7dac2e980bacc92bdc26cebae4ae4d50cae5380732c50980598fc0bbae4/websockets-16.1.1-cp314-cp314t-macosx_11_0_arm64.whl", hash = "sha256:3df13f73af9b3b38ab1195eb299ecb67a4330c911c97ae04043ff74085728abe", size = 177698, upload-time = "2026-07-17T22:50:32.829Z" },
    { url = "https://files.pythonhosted.org/packages/b2/39/26762f734113e22da2b942c3aca85798e0c0405d64c256549540ff31e5a1/websockets-16.1.1-cp314-cp314t-manylinux1_x86_64.manylinux_2_28_x86_64.manylinux_2_5_x86_64.whl", hash = "sha256:23253dd5bcae3f9aaee0a1d30967a8dbd52e5d3cff93a2e5b84df57b77d4750d", size = 187561, upload-time = "2026-07-17T22:50:34.24Z" },
    { url = "https://files.pythonhosted.org/packages/11/94/c3f330851806b9b02138b774d593478323e73c99238681b4b93efe64e02d/websockets-16.1.1-cp314-cp314t-manylinux2014_aarch64.manylinux_2_17_aarch64.manylinux_2_28_aarch64.whl", hash = "sha256:9c1c5705e314449e3308872fe084b8571ce078ee4fc55a98a769bdefe5917392", size = 188732, upload-time = "2026-07-17T22:50:36.088Z" },
    { url = "https://files.pythonhosted.org/packages/d1/f2/eb2c450f052de334ae33cf200ece6e87b0e14d186807074e4eb1cd2cdea2/websockets-16.1.1-cp314-cp314t-manylinux2014_armv7l.manylinux_2_17_armv7l.manylinux_2_31_armv7l.whl", hash = "sha256:69e52d175a0a7d1e13b4b67ad41c560b7d98e8c6f6126eb0bda496c784faf8c7", size = 190872, upload-time = "2026-07-17T22:50:38.008Z" },
    { url = "https://files.pythonhosted.org/packages/70/31/2ac8cecf3a74f7fed9132129fc3d90b3998a1554570c11a69b2a8c20332d/websockets-16.1.1-cp314-cp314t-manylinux2014_ppc64le.manylinux_2_17_ppc64le.manylinux_2_28_ppc64le.whl", hash = "sha256:1f79c89b5eb034d1722938a891916582f8f7f503f58ca22518a63c3f2cd18499", size = 189305, upload-time = "2026-07-17T22:50:39.53Z" },
    { url = "https://files.pythonhosted.org/packages/6a/cf/8ab19650d3c0d4562c92e70ab47c257c4aa5c6a713ed87fe63766b31fefc/websockets-16.1.1-cp314-cp314t-manylinux2014_s390x.manylinux_2_17_s390x.manylinux_2_28_s390x.whl", hash = "sha256:39f2a024af5c345ffe8fcf1ee18c049c024c94df393bb09b044a6917c77bde43", size = 188033, upload-time = "2026-07-17T22:50:40.912Z" },
    { url = "https://files.pythonhosted.org/packages/66/d7/a49a38a6127a4acb134fb1912b215d900cc657605cff32445bf519f3acc4/websockets-16.1.1-cp314-cp314t-manylinux_2_31_riscv64.manylinux_2_39_riscv64.whl", hash = "sha256:952303a7318d4cbe1011400839bb2051c9f84fa0a35923267f5daba34b15d458", size = 185748, upload-time = "2026-07-17T22:50:42.559Z" },
    { url = "https://files.pythonhosted.org/packages/95/3e/ad1fa40388c7f2e0bb2c7930d0090b6c5498594bd1cdaec18864df3d9e97/websockets-16.1.1-cp314-cp314t-musllinux_1_2_aarch64.whl", hash = "sha256:249116b4a76063d930a46391ad56e135c286e4562a18309029fc2c73f4ed4c62", size = 188285, upload-time = "2026-07-17T22:50:43.974Z" },
    { url = "https://files.pythonhosted.org/packages/35/b8/d5db28ca264b9104f82196f92dc8843e35fd391f763d42e4ad358f5bc97e/websockets-16.1.1-cp314-cp314t-musllinux_1_2_armv7l.whl", hash = "sha256:61922544a0587a13fd3f53e4c0e5e606510c7b0d9d22c8444e5fae22a06b38cb", size = 186777, upload-time = "2026-07-17T22:50:45.474Z" },
    { url = "https://files.pythonhosted.org/packages/42/9c/726cb39d0cc43ae848dce4aa2acb04eecc6738b1264ec6d700bf6bcfb9f8/websockets-16.1.1-cp314-cp314t-musllinux_1_2_ppc64le.whl", hash = "sha256:46dcaa042cd1de6c59e7d9269fa63ff7572b6df40510600b678f0826b3c7af51", size = 188682, upload-time = "2026-07-17T22:50:46.973Z" },
    { url = "https://files.pythonhosted.org/packages/be/c7/1168704de8c2dd483edabe4a22cbe4465dd8be8dd95561d214f9fe092871/websockets-16.1.1-cp314-cp314t-musllinux_1_2_riscv64.whl", hash = "sha256:38565aca3e01ea8734e578fb2118dade0ecb0250533f29e22b8d1a7a196cf4d0", size = 186377, upload-time = "2026-07-17T22:50:48.413Z" },
    { url = "https://files.pythonhosted.org/packages/ca/40/f9ff2d630ffce4e7dfea0b2288e1caf9ebbf9ff8a9ec9396136ce8b94935/websockets-16.1.1-cp314-cp314t-musllinux_1_2_s390x.whl", hash = "sha256:42f599f4d48c7e1a3338fdaac3acd075be3b3cf02d4b274f3bf2767aedd3d217", size = 187148, upload-time = "2026-07-17T22:50:49.845Z" },
    { url = "https://files.pythonhosted.org/packages/b5/71/e177c8299f78d7cbe2d14df228643c10c70c0e86e108e092056bbcc16e46/websockets-16.1.1-cp314-cp314t-musllinux_1_2_x86_64.whl", hash = "sha256:dcc04fedf83effaeb9cce98abc9469bb1b42ef85f03e01c8c1f4438ef7555737", size = 187578, upload-time = "2026-07-17T22:50:51.619Z" },
    { url = "https://files.pythonhosted.org/packages/49/b2/b6987faf330f5af5c787a2610124c2e8403d51724f9001ec4fff6311fe7a/websockets-16.1.1-cp314-cp314t-win32.whl", hash = "sha256:8483c2096363120eea8b07c06ae7304d520f686665fffd4811fad423930a65d7", size = 179729, upload-time = "2026-07-17T22:50:53.269Z" },
    { url = "https://files.pythonhosted.org/packages/a2/6e/fbac6ed878dd362fbad7d415fa4f84d38e3e33fed8cde45c64e783acf826/websockets-16.1.1-cp314-cp314t-win_amd64.whl", hash = "sha256:bcce07e23e5769375158f5efdcdafa8d5cd014b93c6683865b840ed65b96f231", size = 180072, upload-time = "2026-07-17T22:50:54.969Z" },
    { url = "https://files.pythonhosted.org/packages/be/4d/2d0d67834092e354d2b0498f014a41249a89556bc406cf86f3e1557bb463/websockets-16.1.1-py3-none-any.whl", hash = "sha256:6abbd3e82c731c8e531714466acd5d87b5e88ac3243465337ba71d68e23ae7e3", size = 173814, upload-time = "2026-07-17T22:51:04.184Z" },
]
